// !$*UTF8*$!
{
	archiveVersion = 1;
	classes = {
	};
	objectVersion = 50;
	objects = {

/* Begin PBXBuildFile section */
		428AF6AB26B4566F009B8B32 /* AppDelegate.swift in Sources */ = {isa = PBXBuildFile; fileRef = 428AF6AA26B4566F009B8B32 /* AppDelegate.swift */; };
		428AF6AD26B4566F009B8B32 /* SceneDelegate.swift in Sources */ = {isa = PBXBuildFile; fileRef = 428AF6AC26B4566F009B8B32 /* SceneDelegate.swift */; };
		428AF6AF26B4566F009B8B32 /* ViewController.swift in Sources */ = {isa = PBXBuildFile; fileRef = 428AF6AE26B4566F009B8B32 /* ViewController.swift */; };
		428AF6B226B4566F009B8B32 /* Main.storyboard in Resources */ = {isa = PBXBuildFile; fileRef = 428AF6B026B4566F009B8B32 /* Main.storyboard */; };
		428AF6B426B45671009B8B32 /* Assets.xcassets in Resources */ = {isa = PBXBuildFile; fileRef = 428AF6B326B45671009B8B32 /* Assets.xcassets */; };
		428AF6B726B45671009B8B32 /* LaunchScreen.storyboard in Resources */ = {isa = PBXBuildFile; fileRef = 428AF6B526B45671009B8B32 /* LaunchScreen.storyboard */; };
		42A6BA4926B56F2F00E1A4DF /* InfoViewController.swift in Sources */ = {isa = PBXBuildFile; fileRef = 42A6BA4826B56F2F00E1A4DF /* InfoViewController.swift */; };
		42A6BA4B26B5752100E1A4DF /* AppearenceViewController.swift in Sources */ = {isa = PBXBuildFile; fileRef = 42A6BA4A26B5752100E1A4DF /* AppearenceViewController.swift */; };
/* End PBXBuildFile section */

/* Begin PBXFileReference section */
		428AF6A726B4566F009B8B32 /* TempConverter.app */ = {isa = PBXFileReference; explicitFileType = wrapper.application; includeInIndex = 0; path = TempConverter.app; sourceTree = BUILT_PRODUCTS_DIR; };
		428AF6AA26B4566F009B8B32 /* AppDelegate.swift */ = {isa = PBXFileReference; lastKnownFileType = sourcecode.swift; path = AppDelegate.swift; sourceTree = "<group>"; };
		428AF6AC26B4566F009B8B32 /* SceneDelegate.swift */ = {isa = PBXFileReference; lastKnownFileType = sourcecode.swift; path = SceneDelegate.swift; sourceTree = "<group>"; };
		428AF6AE26B4566F009B8B32 /* ViewController.swift */ = {isa = PBXFileReference; lastKnownFileType = sourcecode.swift; path = ViewController.swift; sourceTree = "<group>"; };
		428AF6B126B4566F009B8B32 /* Base */ = {isa = PBXFileReference; lastKnownFileType = file.storyboard; name = Base; path = Base.lproj/Main.storyboard; sourceTree = "<group>"; };
		428AF6B326B45671009B8B32 /* Assets.xcassets */ = {isa = PBXFileReference; lastKnownFileType = folder.assetcatalog; path = Assets.xcassets; sourceTree = "<group>"; };
		428AF6B626B45671009B8B32 /* Base */ = {isa = PBXFileReference; lastKnownFileType = file.storyboard; name = Base; path = Base.lproj/LaunchScreen.storyboard; sourceTree = "<group>"; };
		428AF6B826B45671009B8B32 /* Info.plist */ = {isa = PBXFileReference; lastKnownFileType = text.plist.xml; path = Info.plist; sourceTree = "<group>"; };
		42A6BA4826B56F2F00E1A4DF /* InfoViewController.swift */ = {isa = PBXFileReference; lastKnownFileType = sourcecode.swift; path = InfoViewController.swift; sourceTree = "<group>"; };
		42A6BA4A26B5752100E1A4DF /* AppearenceViewController.swift */ = {isa = PBXFileReference; lastKnownFileType = sourcecode.swift; path = AppearenceViewController.swift; sourceTree = "<group>"; };
/* End PBXFileReference section */

/* Begin PBXFrameworksBuildPhase section */
		428AF6A426B4566F009B8B32 /* Frameworks */ = {
			isa = PBXFrameworksBuildPhase;
			buildActionMask = 2147483647;
			files = (
			);
			runOnlyForDeploymentPostprocessing = 0;
		};
/* End PBXFrameworksBuildPhase section */

/* Begin PBXGroup section */
		428AF69E26B4566F009B8B32 = {
			isa = PBXGroup;
			children = (
				428AF6A926B4566F009B8B32 /* TempConverter */,
				428AF6A826B4566F009B8B32 /* Products */,
			);
			sourceTree = "<group>";
		};
		428AF6A826B4566F009B8B32 /* Products */ = {
			isa = PBXGroup;
			children = (
				428AF6A726B4566F009B8B32 /* TempConverter.app */,
			);
			name = Products;
			sourceTree = "<group>";
		};
		428AF6A926B4566F009B8B32 /* TempConverter */ = {
			isa = PBXGroup;
			children = (
				428AF6BE26B45684009B8B32 /* AppDelegate */,
				428AF6BF26B456DC009B8B32 /* Controller */,
				428AF6C026B4570F009B8B32 /* Views */,
				428AF6B326B45671009B8B32 /* Assets.xcassets */,
				428AF6B826B45671009B8B32 /* Info.plist */,
			);
			path = TempConverter;
			sourceTree = "<group>";
		};
		428AF6BE26B45684009B8B32 /* AppDelegate */ = {
			isa = PBXGroup;
			children = (
				428AF6AA26B4566F009B8B32 /* AppDelegate.swift */,
				428AF6AC26B4566F009B8B32 /* SceneDelegate.swift */,
			);
			path = AppDelegate;
			sourceTree = "<group>";
		};
		428AF6BF26B456DC009B8B32 /* Controller */ = {
			isa = PBXGroup;
			children = (
				428AF6AE26B4566F009B8B32 /* ViewController.swift */,
				42A6BA4826B56F2F00E1A4DF /* InfoViewController.swift */,
				42A6BA4A26B5752100E1A4DF /* AppearenceViewController.swift */,
			);
			path = Controller;
			sourceTree = "<group>";
		};
		428AF6C026B4570F009B8B32 /* Views */ = {
			isa = PBXGroup;
			children = (
				428AF6B026B4566F009B8B32 /* Main.storyboard */,
				428AF6B526B45671009B8B32 /* LaunchScreen.storyboard */,
			);
			path = Views;
			sourceTree = "<group>";
		};
/* End PBXGroup section */

/* Begin PBXNativeTarget section */
		428AF6A626B4566F009B8B32 /* TempConverter */ = {
			isa = PBXNativeTarget;
			buildConfigurationList = 428AF6BB26B45671009B8B32 /* Build configuration list for PBXNativeTarget "TempConverter" */;
			buildPhases = (
				428AF6A326B4566F009B8B32 /* Sources */,
				428AF6A426B4566F009B8B32 /* Frameworks */,
				428AF6A526B4566F009B8B32 /* Resources */,
			);
			buildRules = (
			);
			dependencies = (
			);
			name = TempConverter;
			productName = TempConverter;
			productReference = 428AF6A726B4566F009B8B32 /* TempConverter.app */;
			productType = "com.apple.product-type.application";
		};
/* End PBXNativeTarget section */

/* Begin PBXProject section */
		428AF69F26B4566F009B8B32 /* Project object */ = {
			isa = PBXProject;
			attributes = {
				LastSwiftUpdateCheck = 1250;
				LastUpgradeCheck = 1250;
				TargetAttributes = {
					428AF6A626B4566F009B8B32 = {
						CreatedOnToolsVersion = 12.5.1;
					};
				};
			};
			buildConfigurationList = 428AF6A226B4566F009B8B32 /* Build configuration list for PBXProject "TempConverter" */;
			compatibilityVersion = "Xcode 9.3";
			developmentRegion = en;
			hasScannedForEncodings = 0;
			knownRegions = (
				en,
				Base,
			);
			mainGroup = 428AF69E26B4566F009B8B32;
			productRefGroup = 428AF6A826B4566F009B8B32 /* Products */;
			projectDirPath = "";
			projectRoot = "";
			targets = (
				428AF6A626B4566F009B8B32 /* TempConverter */,
			);
		};
/* End PBXProject section */

/* Begin PBXResourcesBuildPhase section */
		428AF6A526B4566F009B8B32 /* Resources */ = {
			isa = PBXResourcesBuildPhase;
			buildActionMask = 2147483647;
			files = (
				428AF6B726B45671009B8B32 /* LaunchScreen.storyboard in Resources */,
				428AF6B426B45671009B8B32 /* Assets.xcassets in Resources */,
				428AF6B226B4566F009B8B32 /* Main.storyboard in Resources */,
			);
			runOnlyForDeploymentPostprocessing = 0;
		};
/* End PBXResourcesBuildPhase section */

/* Begin PBXSourcesBuildPhase section */
		428AF6A326B4566F009B8B32 /* Sources */ = {
			isa = PBXSourcesBuildPhase;
			buildActionMask = 2147483647;
			files = (
				428AF6AF26B4566F009B8B32 /* ViewController.swift in Sources */,
				42A6BA4B26B5752100E1A4DF /* AppearenceViewController.swift in Sources */,
				428AF6AB26B4566F009B8B32 /* AppDelegate.swift in Sources */,
				428AF6AD26B4566F009B8B32 /* SceneDelegate.swift in Sources */,
				42A6BA4926B56F2F00E1A4DF /* InfoViewController.swift in Sources */,
			);
			runOnlyForDeploymentPostprocessing = 0;
		};
/* End PBXSourcesBuildPhase section */

/* Begin PBXVariantGroup section */
		428AF6B026B4566F009B8B32 /* Main.storyboard */ = {
			isa = PBXVariantGroup;
			children = (
				428AF6B126B4566F009B8B32 /* Base */,
			);
			name = Main.storyboard;
			sourceTree = "<group>";
		};
		428AF6B526B45671009B8B32 /* LaunchScreen.storyboard */ = {
			isa = PBXVariantGroup;
			children = (
				428AF6B626B45671009B8B32 /* Base */,
			);
			name = LaunchScreen.storyboard;
			sourceTree = "<group>";
		};
/* End PBXVariantGroup section */

/* Begin XCBuildConfiguration section */
		428AF6B926B45671009B8B32 /* Debug */ = {
			isa = XCBuildConfiguration;
			buildSettings = {
				ALWAYS_SEARCH_USER_PATHS = NO;
				CLANG_ANALYZER_NONNULL = YES;
				CLANG_ANALYZER_NUMBER_OBJECT_CONVERSION = YES_AGGRESSIVE;
				CLANG_CXX_LANGUAGE_STANDARD = "gnu++14";
				CLANG_CXX_LIBRARY = "libc++";
				CLANG_ENABLE_MODULES = YES;
				CLANG_ENABLE_OBJC_ARC = YES;
				CLANG_ENABLE_OBJC_WEAK = YES;
				CLANG_WARN_BLOCK_CAPTURE_AUTORELEASING = YES;
				CLANG_WARN_BOOL_CONVERSION = YES;
				CLANG_WARN_COMMA = YES;
				CLANG_WARN_CONSTANT_CONVERSION = YES;
				CLANG_WARN_DEPRECATED_OBJC_IMPLEMENTATIONS = YES;
				CLANG_WARN_DIRECT_OBJC_ISA_USAGE = YES_ERROR;
				CLANG_WARN_DOCUMENTATION_COMMENTS = YES;
				CLANG_WARN_EMPTY_BODY = YES;
				CLANG_WARN_ENUM_CONVERSION = YES;
				CLANG_WARN_INFINITE_RECURSION = YES;
				CLANG_WARN_INT_CONVERSION = YES;
				CLANG_WARN_NON_LITERAL_NULL_CONVERSION = YES;
				CLANG_WARN_OBJC_IMPLICIT_RETAIN_SELF = YES;
				CLANG_WARN_OBJC_LITERAL_CONVERSION = YES;
				CLANG_WARN_OBJC_ROOT_CLASS = YES_ERROR;
				CLANG_WARN_QUOTED_INCLUDE_IN_FRAMEWORK_HEADER = YES;
				CLANG_WARN_RANGE_LOOP_ANALYSIS = YES;
				CLANG_WARN_STRICT_PROTOTYPES = YES;
				CLANG_WARN_SUSPICIOUS_MOVE = YES;
				CLANG_WARN_UNGUARDED_AVAILABILITY = YES_AGGRESSIVE;
				CLANG_WARN_UNREACHABLE_CODE = YES;
				CLANG_WARN__DUPLICATE_METHOD_MATCH = YES;
				COPY_PHASE_STRIP = NO;
				DEBUG_INFORMATION_FORMAT = dwarf;
				ENABLE_STRICT_OBJC_MSGSEND = YES;
				ENABLE_TESTABILITY = YES;
				GCC_C_LANGUAGE_STANDARD = gnu11;
				GCC_DYNAMIC_NO_PIC = NO;
				GCC_NO_COMMON_BLOCKS = YES;
				GCC_OPTIMIZATION_LEVEL = 0;
				GCC_PREPROCESSOR_DEFINITIONS = (
					"DEBUG=1",
					"$(inherited)",
				);
				GCC_WARN_64_TO_32_BIT_CONVERSION = YES;
				GCC_WARN_ABOUT_RETURN_TYPE = YES_ERROR;
				GCC_WARN_UNDECLARED_SELECTOR = YES;
				GCC_WARN_UNINITIALIZED_AUTOS = YES_AGGRESSIVE;
				GCC_WARN_UNUSED_FUNCTION = YES;
				GCC_WARN_UNUSED_VARIABLE = YES;
				IPHONEOS_DEPLOYMENT_TARGET = 14.5;
				MTL_ENABLE_DEBUG_INFO = INCLUDE_SOURCE;
				MTL_FAST_MATH = YES;
				ONLY_ACTIVE_ARCH = YES;
				SDKROOT = iphoneos;
				SWIFT_ACTIVE_COMPILATION_CONDITIONS = DEBUG;
				SWIFT_OPTIMIZATION_LEVEL = "-Onone";
			};
			name = Debug;
		};
		428AF6BA26B45671009B8B32 /* Release */ = {
			isa = XCBuildConfiguration;
			buildSettings = {
				ALWAYS_SEARCH_USER_PATHS = NO;
				CLANG_ANALYZER_NONNULL = YES;
				CLANG_ANALYZER_NUMBER_OBJECT_CONVERSION = YES_AGGRESSIVE;
				CLANG_CXX_LANGUAGE_STANDARD = "gnu++14";
				CLANG_CXX_LIBRARY = "libc++";
				CLANG_ENABLE_MODULES = YES;
				CLANG_ENABLE_OBJC_ARC = YES;
				CLANG_ENABLE_OBJC_WEAK = YES;
				CLANG_WARN_BLOCK_CAPTURE_AUTORELEASING = YES;
				CLANG_WARN_BOOL_CONVERSION = YES;
				CLANG_WARN_COMMA = YES;
				CLANG_WARN_CONSTANT_CONVERSION = YES;
				CLANG_WARN_DEPRECATED_OBJC_IMPLEMENTATIONS = YES;
				CLANG_WARN_DIRECT_OBJC_ISA_USAGE = YES_ERROR;
				CLANG_WARN_DOCUMENTATION_COMMENTS = YES;
				CLANG_WARN_EMPTY_BODY = YES;
				CLANG_WARN_ENUM_CONVERSION = YES;
				CLANG_WARN_INFINITE_RECURSION = YES;
				CLANG_WARN_INT_CONVERSION = YES;
				CLANG_WARN_NON_LITERAL_NULL_CONVERSION = YES;
				CLANG_WARN_OBJC_IMPLICIT_RETAIN_SELF = YES;
				CLANG_WARN_OBJC_LITERAL_CONVERSION = YES;
				CLANG_WARN_OBJC_ROOT_CLASS = YES_ERROR;
				CLANG_WARN_QUOTED_INCLUDE_IN_FRAMEWORK_HEADER = YES;
				CLANG_WARN_RANGE_LOOP_ANALYSIS = YES;
				CLANG_WARN_STRICT_PROTOTYPES = YES;
				CLANG_WARN_SUSPICIOUS_MOVE = YES;
				CLANG_WARN_UNGUARDED_AVAILABILITY = YES_AGGRESSIVE;
				CLANG_WARN_UNREACHABLE_CODE = YES;
				CLANG_WARN__DUPLICATE_METHOD_MATCH = YES;
				COPY_PHASE_STRIP = NO;
				DEBUG_INFORMATION_FORMAT = "dwarf-with-dsym";
				ENABLE_NS_ASSERTIONS = NO;
				ENABLE_STRICT_OBJC_MSGSEND = YES;
				GCC_C_LANGUAGE_STANDARD = gnu11;
				GCC_NO_COMMON_BLOCKS = YES;
				GCC_WARN_64_TO_32_BIT_CONVERSION = YES;
				GCC_WARN_ABOUT_RETURN_TYPE = YES_ERROR;
				GCC_WARN_UNDECLARED_SELECTOR = YES;
				GCC_WARN_UNINITIALIZED_AUTOS = YES_AGGRESSIVE;
				GCC_WARN_UNUSED_FUNCTION = YES;
				GCC_WARN_UNUSED_VARIABLE = YES;
				IPHONEOS_DEPLOYMENT_TARGET = 14.5;
				MTL_ENABLE_DEBUG_INFO = NO;
				MTL_FAST_MATH = YES;
				SDKROOT = iphoneos;
				SWIFT_COMPILATION_MODE = wholemodule;
				SWIFT_OPTIMIZATION_LEVEL = "-O";
				VALIDATE_PRODUCT = YES;
			};
			name = Release;
		};
		428AF6BC26B45671009B8B32 /* Debug */ = {
			isa = XCBuildConfiguration;
			buildSettings = {
				ASSETCATALOG_COMPILER_APPICON_NAME = AppIcon;
				ASSETCATALOG_COMPILER_GLOBAL_ACCENT_COLOR_NAME = AccentColor;
				CODE_SIGN_STYLE = Automatic;
				DEVELOPMENT_TEAM = S988FL387X;
				INFOPLIST_FILE = TempConverter/Info.plist;
				LD_RUNPATH_SEARCH_PATHS = (
					"$(inherited)",
					"@executable_path/Frameworks",
				);
				PRODUCT_BUNDLE_IDENTIFIER = "com.up-co.TempConverter";
				PRODUCT_NAME = "$(TARGET_NAME)";
				SWIFT_VERSION = 5.0;
				TARGETED_DEVICE_FAMILY = "1,2";
			};
			name = Debug;
		};
		428AF6BD26B45671009B8B32 /* Release */ = {
			isa = XCBuildConfiguration;
			buildSettings = {
				ASSETCATALOG_COMPILER_APPICON_NAME = AppIcon;
				ASSETCATALOG_COMPILER_GLOBAL_ACCENT_COLOR_NAME = AccentColor;
				CODE_SIGN_STYLE = Automatic;
				DEVELOPMENT_TEAM = S988FL387X;
				INFOPLIST_FILE = TempConverter/Info.plist;
				LD_RUNPATH_SEARCH_PATHS = (
					"$(inherited)",
					"@executable_path/Frameworks",
				);
				PRODUCT_BUNDLE_IDENTIFIER = "com.up-co.TempConverter";
				PRODUCT_NAME = "$(TARGET_NAME)";
				SWIFT_VERSION = 5.0;
				TARGETED_DEVICE_FAMILY = "1,2";
			};
			name = Release;
		};
/* End XCBuildConfiguration section */

/* Begin XCConfigurationList section */
		428AF6A226B4566F009B8B32 /* Build configuration list for PBXProject "TempConverter" */ = {
			isa = XCConfigurationList;
			buildConfigurations = (
				428AF6B926B45671009B8B32 /* Debug */,
				428AF6BA26B45671009B8B32 /* Release */,
			);
			defaultConfigurationIsVisible = 0;
			defaultConfigurationName = Release;
		};
		428AF6BB26B45671009B8B32 /* Build configuration list for PBXNativeTarget "TempConverter" */ = {
			isa = XCConfigurationList;
			buildConfigurations = (
				428AF6BC26B45671009B8B32 /* Debug */,
				428AF6BD26B45671009B8B32 /* Release */,
			);
			defaultConfigurationIsVisible = 0;
			defaultConfigurationName = Release;
		};
/* End XCConfigurationList section */
	};
	rootObject = 428AF69F26B4566F009B8B32 /* Project object */;
}
